
Microsoft Visual Studio Solution File, Format Version 12.00
# Visual Studio 15
VisualStudioVersion = 15.0.27004.2010
MinimumVisualStudioVersion = 10.0.40219.1
Project("{FAE04EC0-301F-11D3-BF4B-00C04F79EFBC}") = "GeraçãoUnidades", "GeraçãoUnidades\GeraçãoUnidades.csproj", "{B93AA4E3-F61D-4ED0-9FF0-3DFF75D6DE31}"
EndProject
Global
	GlobalSection(SolutionConfigurationPlatforms) = preSolution
		Debug|Any CPU = Debug|Any CPU
		Release|Any CPU = Release|Any CPU
	EndGlobalSection
	GlobalSection(ProjectConfigurationPlatforms) = postSolution
		{B93AA4E3-F61D-4ED0-9FF0-3DFF75D6DE31}.Debug|Any CPU.ActiveCfg = Debug|Any CPU
		{B93AA4E3-F61D-4ED0-9FF0-3DFF75D6DE31}.Debug|Any CPU.Build.0 = Debug|Any CPU
		{B93AA4E3-F61D-4ED0-9FF0-3DFF75D6DE31}.Release|Any CPU.ActiveCfg = Release|Any CPU
		{B93AA4E3-F61D-4ED0-9FF0-3DFF75D6DE31}.Release|Any CPU.Build.0 = Release|Any CPU
	EndGlobalSection
	GlobalSection(SolutionProperties) = preSolution
		HideSolutionNode = FALSE
	EndGlobalSection
	GlobalSection(ExtensibilityGlobals) = postSolution
		SolutionGuid = {11F9CA4E-28E8-43C0-9320-B764DF1D749E}
	EndGlobalSection
EndGlobal
